
Microsoft Visual Studio Solution File, Format Version 12.00
# Visual Studio Version 17
VisualStudioVersion = 17.5.33502.453
MinimumVisualStudioVersion = 10.0.40219.1
Project("{FAE04EC0-301F-11D3-BF4B-00C04F79EFBC}") = "cs2js", "cs2js\cs2js.csproj", "{004CD27E-91F6-413B-90B3-405ACF87A74C}"
EndProject
Global
	GlobalSection(SolutionConfigurationPlatforms) = preSolution
		Debug|Any CPU = Debug|Any CPU
		Release|Any CPU = Release|Any CPU
	EndGlobalSection
	GlobalSection(ProjectConfigurationPlatforms) = postSolution
		{004CD27E-91F6-413B-90B3-405ACF87A74C}.Debug|Any CPU.ActiveCfg = Debug|Any CPU
		{004CD27E-91F6-413B-90B3-405ACF87A74C}.Debug|Any CPU.Build.0 = Debug|Any CPU
		{004CD27E-91F6-413B-90B3-405ACF87A74C}.Release|Any CPU.ActiveCfg = Release|Any CPU
		{004CD27E-91F6-413B-90B3-405ACF87A74C}.Release|Any CPU.Build.0 = Release|Any CPU
	EndGlobalSection
	GlobalSection(SolutionProperties) = preSolution
		HideSolutionNode = FALSE
	EndGlobalSection
	GlobalSection(ExtensibilityGlobals) = postSolution
		SolutionGuid = {E4ECC98C-1201-4833-A7F2-61F7CD005F18}
	EndGlobalSection
EndGlobal
